
Microsoft Visual Studio Solution File, Format Version 12.00
# Visual Studio 2012
Project("{8BC9CEB8-8B4A-11D0-8D11-00A0C91BC942}") = "Surface_of_revolution", "Surface_of_revolution\Surface_of_revolution.vcxproj", "{DABAC508-8D09-4037-8467-D50F8A9FE388}"
EndProject
Global
	GlobalSection(SolutionConfigurationPlatforms) = preSolution
		Debug|Win32 = Debug|Win32
		Release|Win32 = Release|Win32
	EndGlobalSection
	GlobalSection(ProjectConfigurationPlatforms) = postSolution
		{DABAC508-8D09-4037-8467-D50F8A9FE388}.Debug|Win32.ActiveCfg = Debug|Win32
		{DABAC508-8D09-4037-8467-D50F8A9FE388}.Debug|Win32.Build.0 = Debug|Win32
		{DABAC508-8D09-4037-8467-D50F8A9FE388}.Release|Win32.ActiveCfg = Release|Win32
		{DABAC508-8D09-4037-8467-D50F8A9FE388}.Release|Win32.Build.0 = Release|Win32
	EndGlobalSection
	GlobalSection(SolutionProperties) = preSolution
		HideSolutionNode = FALSE
	EndGlobalSection
EndGlobal
